// !$*UTF8*$!
{
	archiveVersion = 1;
	classes = {
	};
	objectVersion = 46;
	objects = {

/* Begin PBXBuildFile section */
		6AA2E2D41A9A595A00843582 /* main.m in Sources */ = {isa = PBXBuildFile; fileRef = 6AA2E2D31A9A595A00843582 /* main.m */; };
		6AA2E2D71A9A595A00843582 /* AppDelegate.m in Sources */ = {isa = PBXBuildFile; fileRef = 6AA2E2D61A9A595A00843582 /* AppDelegate.m */; };
		6AA2E2DA1A9A595B00843582 /* Cantrip.xcdatamodeld in Sources */ = {isa = PBXBuildFile; fileRef = 6AA2E2D81A9A595A00843582 /* Cantrip.xcdatamodeld */; };
		6AA2E2E01A9A595B00843582 /* Main.storyboard in Resources */ = {isa = PBXBuildFile; fileRef = 6AA2E2DE1A9A595B00843582 /* Main.storyboard */; };
		6AA2E2E21A9A595B00843582 /* Images.xcassets in Resources */ = {isa = PBXBuildFile; fileRef = 6AA2E2E11A9A595B00843582 /* Images.xcassets */; };
		6AA2E2E51A9A595B00843582 /* LaunchScreen.xib in Resources */ = {isa = PBXBuildFile; fileRef = 6AA2E2E31A9A595B00843582 /* LaunchScreen.xib */; };
		6AA2E2F11A9A595B00843582 /* CantripTests.m in Sources */ = {isa = PBXBuildFile; fileRef = 6AA2E2F01A9A595B00843582 /* CantripTests.m */; };
		6AA2E2FC1A9A5A3800843582 /* MM_PlayerCharacter.m in Sources */ = {isa = PBXBuildFile; fileRef = 6AA2E2FB1A9A5A3800843582 /* MM_PlayerCharacter.m */; };
		6AA2E2FF1A9A61F000843582 /* MM_CharacterSkill.m in Sources */ = {isa = PBXBuildFile; fileRef = 6AA2E2FE1A9A61F000843582 /* MM_CharacterSkill.m */; };
		6AA2E3021A9A6C3500843582 /* MM_CharacterSheetTableViewController.m in Sources */ = {isa = PBXBuildFile; fileRef = 6AA2E3011A9A6C3500843582 /* MM_CharacterSheetTableViewController.m */; };
		6AA2E3051A9A928200843582 /* MM_MenuTableViewController.m in Sources */ = {isa = PBXBuildFile; fileRef = 6AA2E3041A9A928200843582 /* MM_MenuTableViewController.m */; };
		6AA2E30A1A9A9C8E00843582 /* MM_BasicInfoTableViewCell.m in Sources */ = {isa = PBXBuildFile; fileRef = 6AA2E3091A9A9C8E00843582 /* MM_BasicInfoTableViewCell.m */; };
		6AA2E30D1A9B747A00843582 /* MM_Spell.m in Sources */ = {isa = PBXBuildFile; fileRef = 6AA2E30C1A9B747A00843582 /* MM_Spell.m */; };
/* End PBXBuildFile section */

/* Begin PBXContainerItemProxy section */
		6AA2E2EB1A9A595B00843582 /* PBXContainerItemProxy */ = {
			isa = PBXContainerItemProxy;
			containerPortal = 6AA2E2C61A9A595A00843582 /* Project object */;
			proxyType = 1;
			remoteGlobalIDString = 6AA2E2CD1A9A595A00843582;
			remoteInfo = Cantrip;
		};
/* End PBXContainerItemProxy section */

/* Begin PBXFileReference section */
		6AA2E2CE1A9A595A00843582 /* Cantrip.app */ = {isa = PBXFileReference; explicitFileType = wrapper.application; includeInIndex = 0; path = Cantrip.app; sourceTree = BUILT_PRODUCTS_DIR; };
		6AA2E2D21A9A595A00843582 /* Info.plist */ = {isa = PBXFileReference; lastKnownFileType = text.plist.xml; path = Info.plist; sourceTree = "<group>"; };
		6AA2E2D31A9A595A00843582 /* main.m */ = {isa = PBXFileReference; lastKnownFileType = sourcecode.c.objc; path = main.m; sourceTree = "<group>"; };
		6AA2E2D51A9A595A00843582 /* AppDelegate.h */ = {isa = PBXFileReference; lastKnownFileType = sourcecode.c.h; path = AppDelegate.h; sourceTree = "<group>"; };
		6AA2E2D61A9A595A00843582 /* AppDelegate.m */ = {isa = PBXFileReference; lastKnownFileType = sourcecode.c.objc; path = AppDelegate.m; sourceTree = "<group>"; };
		6AA2E2D91A9A595A00843582 /* Cantrip.xcdatamodel */ = {isa = PBXFileReference; lastKnownFileType = wrapper.xcdatamodel; path = Cantrip.xcdatamodel; sourceTree = "<group>"; };
		6AA2E2DF1A9A595B00843582 /* Base */ = {isa = PBXFileReference; lastKnownFileType = file.storyboard; name = Base; path = Base.lproj/Main.storyboard; sourceTree = "<group>"; };
		6AA2E2E11A9A595B00843582 /* Images.xcassets */ = {isa = PBXFileReference; lastKnownFileType = folder.assetcatalog; path = Images.xcassets; sourceTree = "<group>"; };
		6AA2E2E41A9A595B00843582 /* Base */ = {isa = PBXFileReference; lastKnownFileType = file.xib; name = Base; path = Base.lproj/LaunchScreen.xib; sourceTree = "<group>"; };
		6AA2E2EA1A9A595B00843582 /* CantripTests.xctest */ = {isa = PBXFileReference; explicitFileType = wrapper.cfbundle; includeInIndex = 0; path = CantripTests.xctest; sourceTree = BUILT_PRODUCTS_DIR; };
		6AA2E2EF1A9A595B00843582 /* Info.plist */ = {isa = PBXFileReference; lastKnownFileType = text.plist.xml; path = Info.plist; sourceTree = "<group>"; };
		6AA2E2F01A9A595B00843582 /* CantripTests.m */ = {isa = PBXFileReference; lastKnownFileType = sourcecode.c.objc; path = CantripTests.m; sourceTree = "<group>"; };
		6AA2E2FA1A9A5A3800843582 /* MM_PlayerCharacter.h */ = {isa = PBXFileReference; fileEncoding = 4; lastKnownFileType = sourcecode.c.h; path = MM_PlayerCharacter.h; sourceTree = "<group>"; };
		6AA2E2FB1A9A5A3800843582 /* MM_PlayerCharacter.m */ = {isa = PBXFileReference; fileEncoding = 4; lastKnownFileType = sourcecode.c.objc; path = MM_PlayerCharacter.m; sourceTree = "<group>"; };
		6AA2E2FD1A9A61F000843582 /* MM_CharacterSkill.h */ = {isa = PBXFileReference; fileEncoding = 4; lastKnownFileType = sourcecode.c.h; path = MM_CharacterSkill.h; sourceTree = "<group>"; };
		6AA2E2FE1A9A61F000843582 /* MM_CharacterSkill.m */ = {isa = PBXFileReference; fileEncoding = 4; lastKnownFileType = sourcecode.c.objc; path = MM_CharacterSkill.m; sourceTree = "<group>"; };
		6AA2E3001A9A6C3500843582 /* MM_CharacterSheetTableViewController.h */ = {isa = PBXFileReference; fileEncoding = 4; lastKnownFileType = sourcecode.c.h; path = MM_CharacterSheetTableViewController.h; sourceTree = "<group>"; };
		6AA2E3011A9A6C3500843582 /* MM_CharacterSheetTableViewController.m */ = {isa = PBXFileReference; fileEncoding = 4; lastKnownFileType = sourcecode.c.objc; path = MM_CharacterSheetTableViewController.m; sourceTree = "<group>"; };
		6AA2E3031A9A928200843582 /* MM_MenuTableViewController.h */ = {isa = PBXFileReference; fileEncoding = 4; lastKnownFileType = sourcecode.c.h; path = MM_MenuTableViewController.h; sourceTree = "<group>"; };
		6AA2E3041A9A928200843582 /* MM_MenuTableViewController.m */ = {isa = PBXFileReference; fileEncoding = 4; lastKnownFileType = sourcecode.c.objc; path = MM_MenuTableViewController.m; sourceTree = "<group>"; };
		6AA2E3081A9A9C8E00843582 /* MM_BasicInfoTableViewCell.h */ = {isa = PBXFileReference; fileEncoding = 4; lastKnownFileType = sourcecode.c.h; path = MM_BasicInfoTableViewCell.h; sourceTree = "<group>"; };
		6AA2E3091A9A9C8E00843582 /* MM_BasicInfoTableViewCell.m */ = {isa = PBXFileReference; fileEncoding = 4; lastKnownFileType = sourcecode.c.objc; path = MM_BasicInfoTableViewCell.m; sourceTree = "<group>"; };
		6AA2E30B1A9B747A00843582 /* MM_Spell.h */ = {isa = PBXFileReference; fileEncoding = 4; lastKnownFileType = sourcecode.c.h; path = MM_Spell.h; sourceTree = "<group>"; };
		6AA2E30C1A9B747A00843582 /* MM_Spell.m */ = {isa = PBXFileReference; fileEncoding = 4; lastKnownFileType = sourcecode.c.objc; path = MM_Spell.m; sourceTree = "<group>"; };
/* End PBXFileReference section */

/* Begin PBXFrameworksBuildPhase section */
		6AA2E2CB1A9A595A00843582 /* Frameworks */ = {
			isa = PBXFrameworksBuildPhase;
			buildActionMask = 2147483647;
			files = (
			);
			runOnlyForDeploymentPostprocessing = 0;
		};
		6AA2E2E71A9A595B00843582 /* Frameworks */ = {
			isa = PBXFrameworksBuildPhase;
			buildActionMask = 2147483647;
			files = (
			);
			runOnlyForDeploymentPostprocessing = 0;
		};
/* End PBXFrameworksBuildPhase section */

/* Begin PBXGroup section */
		6AA2E2C51A9A595A00843582 = {
			isa = PBXGroup;
			children = (
				6AA2E2D01A9A595A00843582 /* Cantrip */,
				6AA2E2ED1A9A595B00843582 /* CantripTests */,
				6AA2E2CF1A9A595A00843582 /* Products */,
			);
			sourceTree = "<group>";
		};
		6AA2E2CF1A9A595A00843582 /* Products */ = {
			isa = PBXGroup;
			children = (
				6AA2E2CE1A9A595A00843582 /* Cantrip.app */,
				6AA2E2EA1A9A595B00843582 /* CantripTests.xctest */,
			);
			name = Products;
			sourceTree = "<group>";
		};
		6AA2E2D01A9A595A00843582 /* Cantrip */ = {
			isa = PBXGroup;
			children = (
				6AA2E2D51A9A595A00843582 /* AppDelegate.h */,
				6AA2E2D61A9A595A00843582 /* AppDelegate.m */,
				6AA2E3061A9A9B8300843582 /* View Controllers */,
				6AA2E2DE1A9A595B00843582 /* Main.storyboard */,
				6AA2E2FA1A9A5A3800843582 /* MM_PlayerCharacter.h */,
				6AA2E2FB1A9A5A3800843582 /* MM_PlayerCharacter.m */,
				6AA2E2FD1A9A61F000843582 /* MM_CharacterSkill.h */,
				6AA2E2FE1A9A61F000843582 /* MM_CharacterSkill.m */,
				6AA2E30B1A9B747A00843582 /* MM_Spell.h */,
				6AA2E30C1A9B747A00843582 /* MM_Spell.m */,
				6AA2E2E11A9A595B00843582 /* Images.xcassets */,
				6AA2E2E31A9A595B00843582 /* LaunchScreen.xib */,
				6AA2E2D81A9A595A00843582 /* Cantrip.xcdatamodeld */,
				6AA2E2D11A9A595A00843582 /* Supporting Files */,
			);
			path = Cantrip;
			sourceTree = "<group>";
		};
		6AA2E2D11A9A595A00843582 /* Supporting Files */ = {
			isa = PBXGroup;
			children = (
				6AA2E2D21A9A595A00843582 /* Info.plist */,
				6AA2E2D31A9A595A00843582 /* main.m */,
			);
			name = "Supporting Files";
			sourceTree = "<group>";
		};
		6AA2E2ED1A9A595B00843582 /* CantripTests */ = {
			isa = PBXGroup;
			children = (
				6AA2E2F01A9A595B00843582 /* CantripTests.m */,
				6AA2E2EE1A9A595B00843582 /* Supporting Files */,
			);
			path = CantripTests;
			sourceTree = "<group>";
		};
		6AA2E2EE1A9A595B00843582 /* Supporting Files */ = {
			isa = PBXGroup;
			children = (
				6AA2E2EF1A9A595B00843582 /* Info.plist */,
			);
			name = "Supporting Files";
			sourceTree = "<group>";
		};
		6AA2E3061A9A9B8300843582 /* View Controllers */ = {
			isa = PBXGroup;
			children = (
				6AA2E3031A9A928200843582 /* MM_MenuTableViewController.h */,
				6AA2E3041A9A928200843582 /* MM_MenuTableViewController.m */,
				6AA2E3001A9A6C3500843582 /* MM_CharacterSheetTableViewController.h */,
				6AA2E3011A9A6C3500843582 /* MM_CharacterSheetTableViewController.m */,
				6AA2E3081A9A9C8E00843582 /* MM_BasicInfoTableViewCell.h */,
				6AA2E3091A9A9C8E00843582 /* MM_BasicInfoTableViewCell.m */,
			);
			name = "View Controllers";
			sourceTree = "<group>";
		};
/* End PBXGroup section */

/* Begin PBXNativeTarget section */
		6AA2E2CD1A9A595A00843582 /* Cantrip */ = {
			isa = PBXNativeTarget;
			buildConfigurationList = 6AA2E2F41A9A595B00843582 /* Build configuration list for PBXNativeTarget "Cantrip" */;
			buildPhases = (
				6AA2E2CA1A9A595A00843582 /* Sources */,
				6AA2E2CB1A9A595A00843582 /* Frameworks */,
				6AA2E2CC1A9A595A00843582 /* Resources */,
			);
			buildRules = (
			);
			dependencies = (
			);
			name = Cantrip;
			productName = Cantrip;
			productReference = 6AA2E2CE1A9A595A00843582 /* Cantrip.app */;
			productType = "com.apple.product-type.application";
		};
		6AA2E2E91A9A595B00843582 /* CantripTests */ = {
			isa = PBXNativeTarget;
			buildConfigurationList = 6AA2E2F71A9A595B00843582 /* Build configuration list for PBXNativeTarget "CantripTests" */;
			buildPhases = (
				6AA2E2E61A9A595B00843582 /* Sources */,
				6AA2E2E71A9A595B00843582 /* Frameworks */,
				6AA2E2E81A9A595B00843582 /* Resources */,
			);
			buildRules = (
			);
			dependencies = (
				6AA2E2EC1A9A595B00843582 /* PBXTargetDependency */,
			);
			name = CantripTests;
			productName = CantripTests;
			productReference = 6AA2E2EA1A9A595B00843582 /* CantripTests.xctest */;
			productType = "com.apple.product-type.bundle.unit-test";
		};
/* End PBXNativeTarget section */

/* Begin PBXProject section */
		6AA2E2C61A9A595A00843582 /* Project object */ = {
			isa = PBXProject;
			attributes = {
				LastUpgradeCheck = 0610;
				ORGANIZATIONNAME = "Mark Edward Murray";
				TargetAttributes = {
					6AA2E2CD1A9A595A00843582 = {
						CreatedOnToolsVersion = 6.1.1;
					};
					6AA2E2E91A9A595B00843582 = {
						CreatedOnToolsVersion = 6.1.1;
						TestTargetID = 6AA2E2CD1A9A595A00843582;
					};
				};
			};
			buildConfigurationList = 6AA2E2C91A9A595A00843582 /* Build configuration list for PBXProject "Cantrip" */;
			compatibilityVersion = "Xcode 3.2";
			developmentRegion = English;
			hasScannedForEncodings = 0;
			knownRegions = (
				en,
				Base,
			);
			mainGroup = 6AA2E2C51A9A595A00843582;
			productRefGroup = 6AA2E2CF1A9A595A00843582 /* Products */;
			projectDirPath = "";
			projectRoot = "";
			targets = (
				6AA2E2CD1A9A595A00843582 /* Cantrip */,
				6AA2E2E91A9A595B00843582 /* CantripTests */,
			);
		};
/* End PBXProject section */

/* Begin PBXResourcesBuildPhase section */
		6AA2E2CC1A9A595A00843582 /* Resources */ = {
			isa = PBXResourcesBuildPhase;
			buildActionMask = 2147483647;
			files = (
				6AA2E2E01A9A595B00843582 /* Main.storyboard in Resources */,
				6AA2E2E51A9A595B00843582 /* LaunchScreen.xib in Resources */,
				6AA2E2E21A9A595B00843582 /* Images.xcassets in Resources */,
			);
			runOnlyForDeploymentPostprocessing = 0;
		};
		6AA2E2E81A9A595B00843582 /* Resources */ = {
			isa = PBXResourcesBuildPhase;
			buildActionMask = 2147483647;
			files = (
			);
			runOnlyForDeploymentPostprocessing = 0;
		};
/* End PBXResourcesBuildPhase section */

/* Begin PBXSourcesBuildPhase section */
		6AA2E2CA1A9A595A00843582 /* Sources */ = {
			isa = PBXSourcesBuildPhase;
			buildActionMask = 2147483647;
			files = (
				6AA2E30D1A9B747A00843582 /* MM_Spell.m in Sources */,
				6AA2E30A1A9A9C8E00843582 /* MM_BasicInfoTableViewCell.m in Sources */,
				6AA2E2D71A9A595A00843582 /* AppDelegate.m in Sources */,
				6AA2E3021A9A6C3500843582 /* MM_CharacterSheetTableViewController.m in Sources */,
				6AA2E2FF1A9A61F000843582 /* MM_CharacterSkill.m in Sources */,
				6AA2E2D41A9A595A00843582 /* main.m in Sources */,
				6AA2E3051A9A928200843582 /* MM_MenuTableViewController.m in Sources */,
				6AA2E2DA1A9A595B00843582 /* Cantrip.xcdatamodeld in Sources */,
				6AA2E2FC1A9A5A3800843582 /* MM_PlayerCharacter.m in Sources */,
			);
			runOnlyForDeploymentPostprocessing = 0;
		};
		6AA2E2E61A9A595B00843582 /* Sources */ = {
			isa = PBXSourcesBuildPhase;
			buildActionMask = 2147483647;
			files = (
				6AA2E2F11A9A595B00843582 /* CantripTests.m in Sources */,
			);
			runOnlyForDeploymentPostprocessing = 0;
		};
/* End PBXSourcesBuildPhase section */

/* Begin PBXTargetDependency section */
		6AA2E2EC1A9A595B00843582 /* PBXTargetDependency */ = {
			isa = PBXTargetDependency;
			target = 6AA2E2CD1A9A595A00843582 /* Cantrip */;
			targetProxy = 6AA2E2EB1A9A595B00843582 /* PBXContainerItemProxy */;
		};
/* End PBXTargetDependency section */

/* Begin PBXVariantGroup section */
		6AA2E2DE1A9A595B00843582 /* Main.storyboard */ = {
			isa = PBXVariantGroup;
			children = (
				6AA2E2DF1A9A595B00843582 /* Base */,
			);
			name = Main.storyboard;
			sourceTree = "<group>";
		};
		6AA2E2E31A9A595B00843582 /* LaunchScreen.xib */ = {
			isa = PBXVariantGroup;
			children = (
				6AA2E2E41A9A595B00843582 /* Base */,
			);
			name = LaunchScreen.xib;
			sourceTree = "<group>";
		};
/* End PBXVariantGroup section */

/* Begin XCBuildConfiguration section */
		6AA2E2F21A9A595B00843582 /* Debug */ = {
			isa = XCBuildConfiguration;
			buildSettings = {
				ALWAYS_SEARCH_USER_PATHS = NO;
				CLANG_CXX_LANGUAGE_STANDARD = "gnu++0x";
				CLANG_CXX_LIBRARY = "libc++";
				CLANG_ENABLE_MODULES = YES;
				CLANG_ENABLE_OBJC_ARC = YES;
				CLANG_WARN_BOOL_CONVERSION = YES;
				CLANG_WARN_CONSTANT_CONVERSION = YES;
				CLANG_WARN_DIRECT_OBJC_ISA_USAGE = YES_ERROR;
				CLANG_WARN_EMPTY_BODY = YES;
				CLANG_WARN_ENUM_CONVERSION = YES;
				CLANG_WARN_INT_CONVERSION = YES;
				CLANG_WARN_OBJC_ROOT_CLASS = YES_ERROR;
				CLANG_WARN_UNREACHABLE_CODE = YES;
				CLANG_WARN__DUPLICATE_METHOD_MATCH = YES;
				"CODE_SIGN_IDENTITY[sdk=iphoneos*]" = "iPhone Developer";
				COPY_PHASE_STRIP = NO;
				ENABLE_STRICT_OBJC_MSGSEND = YES;
				GCC_C_LANGUAGE_STANDARD = gnu99;
				GCC_DYNAMIC_NO_PIC = NO;
				GCC_OPTIMIZATION_LEVEL = 0;
				GCC_PREPROCESSOR_DEFINITIONS = (
					"DEBUG=1",
					"$(inherited)",
				);
				GCC_SYMBOLS_PRIVATE_EXTERN = NO;
				GCC_WARN_64_TO_32_BIT_CONVERSION = YES;
				GCC_WARN_ABOUT_RETURN_TYPE = YES_ERROR;
				GCC_WARN_UNDECLARED_SELECTOR = YES;
				GCC_WARN_UNINITIALIZED_AUTOS = YES_AGGRESSIVE;
				GCC_WARN_UNUSED_FUNCTION = YES;
				GCC_WARN_UNUSED_VARIABLE = YES;
				IPHONEOS_DEPLOYMENT_TARGET = 8.1;
				MTL_ENABLE_DEBUG_INFO = YES;
				ONLY_ACTIVE_ARCH = YES;
				SDKROOT = iphoneos;
			};
			name = Debug;
		};
		6AA2E2F31A9A595B00843582 /* Release */ = {
			isa = XCBuildConfiguration;
			buildSettings = {
				ALWAYS_SEARCH_USER_PATHS = NO;
				CLANG_CXX_LANGUAGE_STANDARD = "gnu++0x";
				CLANG_CXX_LIBRARY = "libc++";
				CLANG_ENABLE_MODULES = YES;
				CLANG_ENABLE_OBJC_ARC = YES;
				CLANG_WARN_BOOL_CONVERSION = YES;
				CLANG_WARN_CONSTANT_CONVERSION = YES;
				CLANG_WARN_DIRECT_OBJC_ISA_USAGE = YES_ERROR;
				CLANG_WARN_EMPTY_BODY = YES;
				CLANG_WARN_ENUM_CONVERSION = YES;
				CLANG_WARN_INT_CONVERSION = YES;
				CLANG_WARN_OBJC_ROOT_CLASS = YES_ERROR;
				CLANG_WARN_UNREACHABLE_CODE = YES;
				CLANG_WARN__DUPLICATE_METHOD_MATCH = YES;
				"CODE_SIGN_IDENTITY[sdk=iphoneos*]" = "iPhone Developer";
				COPY_PHASE_STRIP = YES;
				ENABLE_NS_ASSERTIONS = NO;
				ENABLE_STRICT_OBJC_MSGSEND = YES;
				GCC_C_LANGUAGE_STANDARD = gnu99;
				GCC_WARN_64_TO_32_BIT_CONVERSION = YES;
				GCC_WARN_ABOUT_RETURN_TYPE = YES_ERROR;
				GCC_WARN_UNDECLARED_SELECTOR = YES;
				GCC_WARN_UNINITIALIZED_AUTOS = YES_AGGRESSIVE;
				GCC_WARN_UNUSED_FUNCTION = YES;
				GCC_WARN_UNUSED_VARIABLE = YES;
				IPHONEOS_DEPLOYMENT_TARGET = 8.1;
				MTL_ENABLE_DEBUG_INFO = NO;
				SDKROOT = iphoneos;
				VALIDATE_PRODUCT = YES;
			};
			name = Release;
		};
		6AA2E2F51A9A595B00843582 /* Debug */ = {
			isa = XCBuildConfiguration;
			buildSettings = {
				ASSETCATALOG_COMPILER_APPICON_NAME = AppIcon;
				INFOPLIST_FILE = Cantrip/Info.plist;
				LD_RUNPATH_SEARCH_PATHS = "$(inherited) @executable_path/Frameworks";
				PRODUCT_NAME = "$(TARGET_NAME)";
			};
			name = Debug;
		};
		6AA2E2F61A9A595B00843582 /* Release */ = {
			isa = XCBuildConfiguration;
			buildSettings = {
				ASSETCATALOG_COMPILER_APPICON_NAME = AppIcon;
				INFOPLIST_FILE = Cantrip/Info.plist;
				LD_RUNPATH_SEARCH_PATHS = "$(inherited) @executable_path/Frameworks";
				PRODUCT_NAME = "$(TARGET_NAME)";
			};
			name = Release;
		};
		6AA2E2F81A9A595B00843582 /* Debug */ = {
			isa = XCBuildConfiguration;
			buildSettings = {
				BUNDLE_LOADER = "$(TEST_HOST)";
				FRAMEWORK_SEARCH_PATHS = (
					"$(SDKROOT)/Developer/Library/Frameworks",
					"$(inherited)",
				);
				GCC_PREPROCESSOR_DEFINITIONS = (
					"DEBUG=1",
					"$(inherited)",
				);
				INFOPLIST_FILE = CantripTests/Info.plist;
				LD_RUNPATH_SEARCH_PATHS = "$(inherited) @executable_path/Frameworks @loader_path/Frameworks";
				PRODUCT_NAME = "$(TARGET_NAME)";
				TEST_HOST = "$(BUILT_PRODUCTS_DIR)/Cantrip.app/Cantrip";
			};
			name = Debug;
		};
		6AA2E2F91A9A595B00843582 /* Release */ = {
			isa = XCBuildConfiguration;
			buildSettings = {
				BUNDLE_LOADER = "$(TEST_HOST)";
				FRAMEWORK_SEARCH_PATHS = (
					"$(SDKROOT)/Developer/Library/Frameworks",
					"$(inherited)",
				);
				INFOPLIST_FILE = CantripTests/Info.plist;
				LD_RUNPATH_SEARCH_PATHS = "$(inherited) @executable_path/Frameworks @loader_path/Frameworks";
				PRODUCT_NAME = "$(TARGET_NAME)";
				TEST_HOST = "$(BUILT_PRODUCTS_DIR)/Cantrip.app/Cantrip";
			};
			name = Release;
		};
/* End XCBuildConfiguration section */

/* Begin XCConfigurationList section */
		6AA2E2C91A9A595A00843582 /* Build configuration list for PBXProject "Cantrip" */ = {
			isa = XCConfigurationList;
			buildConfigurations = (
				6AA2E2F21A9A595B00843582 /* Debug */,
				6AA2E2F31A9A595B00843582 /* Release */,
			);
			defaultConfigurationIsVisible = 0;
			defaultConfigurationName = Release;
		};
		6AA2E2F41A9A595B00843582 /* Build configuration list for PBXNativeTarget "Cantrip" */ = {
			isa = XCConfigurationList;
			buildConfigurations = (
				6AA2E2F51A9A595B00843582 /* Debug */,
				6AA2E2F61A9A595B00843582 /* Release */,
			);
			defaultConfigurationIsVisible = 0;
		};
		6AA2E2F71A9A595B00843582 /* Build configuration list for PBXNativeTarget "CantripTests" */ = {
			isa = XCConfigurationList;
			buildConfigurations = (
				6AA2E2F81A9A595B00843582 /* Debug */,
				6AA2E2F91A9A595B00843582 /* Release */,
			);
			defaultConfigurationIsVisible = 0;
		};
/* End XCConfigurationList section */

/* Begin XCVersionGroup section */
		6AA2E2D81A9A595A00843582 /* Cantrip.xcdatamodeld */ = {
			isa = XCVersionGroup;
			children = (
				6AA2E2D91A9A595A00843582 /* Cantrip.xcdatamodel */,
			);
			currentVersion = 6AA2E2D91A9A595A00843582 /* Cantrip.xcdatamodel */;
			path = Cantrip.xcdatamodeld;
			sourceTree = "<group>";
			versionGroupType = wrapper.xcdatamodel;
		};
/* End XCVersionGroup section */
	};
	rootObject = 6AA2E2C61A9A595A00843582 /* Project object */;
}
